// !$*UTF8*$!
{
	archiveVersion = 1;
	classes = {
	};
	objectVersion = 46;
	objects = {

/* Begin PBXBuildFile section */
		C9EFC08F1867C60E002A911C /* UIColor+Categories.h in CopyFiles */ = {isa = PBXBuildFile; fileRef = C9EFC08E1867C60E002A911C /* UIColor+Categories.h */; };
		C9EFC09E1867C60E002A911C /* libUIColor+Categories.a in Frameworks */ = {isa = PBXBuildFile; fileRef = C9EFC0861867C60E002A911C /* libUIColor+Categories.a */; };
		C9EFC0B31867F93A002A911C /* UIColor+Integers.m in Sources */ = {isa = PBXBuildFile; fileRef = C9EFC0B21867F93A002A911C /* UIColor+Integers.m */; };
		C9EFC0B518680735002A911C /* UIColorIntegerTests.m in Sources */ = {isa = PBXBuildFile; fileRef = C9EFC0B418680735002A911C /* UIColorIntegerTests.m */; };
/* End PBXBuildFile section */

/* Begin PBXContainerItemProxy section */
		C9EFC09C1867C60E002A911C /* PBXContainerItemProxy */ = {
			isa = PBXContainerItemProxy;
			containerPortal = C9EFC07E1867C60E002A911C /* Project object */;
			proxyType = 1;
			remoteGlobalIDString = C9EFC0851867C60E002A911C;
			remoteInfo = "UIColor+Categories";
		};
/* End PBXContainerItemProxy section */

/* Begin PBXCopyFilesBuildPhase section */
		C9EFC0841867C60E002A911C /* CopyFiles */ = {
			isa = PBXCopyFilesBuildPhase;
			buildActionMask = 2147483647;
			dstPath = "include/$(PRODUCT_NAME)";
			dstSubfolderSpec = 16;
			files = (
				C9EFC08F1867C60E002A911C /* UIColor+Categories.h in CopyFiles */,
			);
			runOnlyForDeploymentPostprocessing = 0;
		};
/* End PBXCopyFilesBuildPhase section */

/* Begin PBXFileReference section */
		C9EFC0861867C60E002A911C /* libUIColor+Categories.a */ = {isa = PBXFileReference; explicitFileType = archive.ar; includeInIndex = 0; path = "libUIColor+Categories.a"; sourceTree = BUILT_PRODUCTS_DIR; };
		C9EFC08E1867C60E002A911C /* UIColor+Categories.h */ = {isa = PBXFileReference; lastKnownFileType = sourcecode.c.h; path = "UIColor+Categories.h"; sourceTree = "<group>"; };
		C9EFC0961867C60E002A911C /* UIColor+CategoriesTests.xctest */ = {isa = PBXFileReference; explicitFileType = wrapper.cfbundle; includeInIndex = 0; path = "UIColor+CategoriesTests.xctest"; sourceTree = BUILT_PRODUCTS_DIR; };
		C9EFC0B11867F93A002A911C /* UIColor+Integers.h */ = {isa = PBXFileReference; fileEncoding = 4; lastKnownFileType = sourcecode.c.h; path = "UIColor+Integers.h"; sourceTree = "<group>"; };
		C9EFC0B21867F93A002A911C /* UIColor+Integers.m */ = {isa = PBXFileReference; fileEncoding = 4; lastKnownFileType = sourcecode.c.objc; path = "UIColor+Integers.m"; sourceTree = "<group>"; };
		C9EFC0B418680735002A911C /* UIColorIntegerTests.m */ = {isa = PBXFileReference; fileEncoding = 4; lastKnownFileType = sourcecode.c.objc; path = UIColorIntegerTests.m; sourceTree = "<group>"; };
/* End PBXFileReference section */

/* Begin PBXFrameworksBuildPhase section */
		C9EFC0831867C60E002A911C /* Frameworks */ = {
			isa = PBXFrameworksBuildPhase;
			buildActionMask = 2147483647;
			files = (
			);
			runOnlyForDeploymentPostprocessing = 0;
		};
		C9EFC0931867C60E002A911C /* Frameworks */ = {
			isa = PBXFrameworksBuildPhase;
			buildActionMask = 2147483647;
			files = (
				C9EFC09E1867C60E002A911C /* libUIColor+Categories.a in Frameworks */,
			);
			runOnlyForDeploymentPostprocessing = 0;
		};
/* End PBXFrameworksBuildPhase section */

/* Begin PBXGroup section */
		C9EFC07D1867C60E002A911C = {
			isa = PBXGroup;
			children = (
				C9EFC08B1867C60E002A911C /* UIColor+Categories */,
				C9EFC09F1867C60E002A911C /* UIColor+CategoriesTests */,
				C9EFC0871867C60E002A911C /* Products */,
			);
			sourceTree = "<group>";
		};
		C9EFC0871867C60E002A911C /* Products */ = {
			isa = PBXGroup;
			children = (
				C9EFC0861867C60E002A911C /* libUIColor+Categories.a */,
				C9EFC0961867C60E002A911C /* UIColor+CategoriesTests.xctest */,
			);
			name = Products;
			sourceTree = "<group>";
		};
		C9EFC08B1867C60E002A911C /* UIColor+Categories */ = {
			isa = PBXGroup;
			children = (
				C9EFC08E1867C60E002A911C /* UIColor+Categories.h */,
				C9EFC0B11867F93A002A911C /* UIColor+Integers.h */,
				C9EFC0B21867F93A002A911C /* UIColor+Integers.m */,
			);
			path = "UIColor+Categories";
			sourceTree = "<group>";
		};
		C9EFC09F1867C60E002A911C /* UIColor+CategoriesTests */ = {
			isa = PBXGroup;
			children = (
				C9EFC0B418680735002A911C /* UIColorIntegerTests.m */,
			);
			path = "UIColor+CategoriesTests";
			sourceTree = "<group>";
		};
/* End PBXGroup section */

/* Begin PBXNativeTarget section */
		C9EFC0851867C60E002A911C /* UIColor+Categories */ = {
			isa = PBXNativeTarget;
			buildConfigurationList = C9EFC0A91867C60E002A911C /* Build configuration list for PBXNativeTarget "UIColor+Categories" */;
			buildPhases = (
				C9EFC0821867C60E002A911C /* Sources */,
				C9EFC0831867C60E002A911C /* Frameworks */,
				C9EFC0841867C60E002A911C /* CopyFiles */,
			);
			buildRules = (
			);
			dependencies = (
			);
			name = "UIColor+Categories";
			productName = "UIColor+Categories";
			productReference = C9EFC0861867C60E002A911C /* libUIColor+Categories.a */;
			productType = "com.apple.product-type.library.static";
		};
		C9EFC0951867C60E002A911C /* UIColor+CategoriesTests */ = {
			isa = PBXNativeTarget;
			buildConfigurationList = C9EFC0AC1867C60E002A911C /* Build configuration list for PBXNativeTarget "UIColor+CategoriesTests" */;
			buildPhases = (
				C9EFC0921867C60E002A911C /* Sources */,
				C9EFC0931867C60E002A911C /* Frameworks */,
				C9EFC0941867C60E002A911C /* Resources */,
			);
			buildRules = (
			);
			dependencies = (
				C9EFC09D1867C60E002A911C /* PBXTargetDependency */,
			);
			name = "UIColor+CategoriesTests";
			productName = "UIColor+CategoriesTests";
			productReference = C9EFC0961867C60E002A911C /* UIColor+CategoriesTests.xctest */;
			productType = "com.apple.product-type.bundle.unit-test";
		};
/* End PBXNativeTarget section */

/* Begin PBXProject section */
		C9EFC07E1867C60E002A911C /* Project object */ = {
			isa = PBXProject;
			attributes = {
				LastUpgradeCheck = 0500;
				ORGANIZATIONNAME = "Matt Rubin";
			};
			buildConfigurationList = C9EFC0811867C60E002A911C /* Build configuration list for PBXProject "UIColor+Categories" */;
			compatibilityVersion = "Xcode 3.2";
			developmentRegion = English;
			hasScannedForEncodings = 0;
			knownRegions = (
				en,
			);
			mainGroup = C9EFC07D1867C60E002A911C;
			productRefGroup = C9EFC0871867C60E002A911C /* Products */;
			projectDirPath = "";
			projectRoot = "";
			targets = (
				C9EFC0851867C60E002A911C /* UIColor+Categories */,
				C9EFC0951867C60E002A911C /* UIColor+CategoriesTests */,
			);
		};
/* End PBXProject section */

/* Begin PBXResourcesBuildPhase section */
		C9EFC0941867C60E002A911C /* Resources */ = {
			isa = PBXResourcesBuildPhase;
			buildActionMask = 2147483647;
			files = (
			);
			runOnlyForDeploymentPostprocessing = 0;
		};
/* End PBXResourcesBuildPhase section */

/* Begin PBXSourcesBuildPhase section */
		C9EFC0821867C60E002A911C /* Sources */ = {
			isa = PBXSourcesBuildPhase;
			buildActionMask = 2147483647;
			files = (
				C9EFC0B31867F93A002A911C /* UIColor+Integers.m in Sources */,
			);
			runOnlyForDeploymentPostprocessing = 0;
		};
		C9EFC0921867C60E002A911C /* Sources */ = {
			isa = PBXSourcesBuildPhase;
			buildActionMask = 2147483647;
			files = (
				C9EFC0B518680735002A911C /* UIColorIntegerTests.m in Sources */,
			);
			runOnlyForDeploymentPostprocessing = 0;
		};
/* End PBXSourcesBuildPhase section */

/* Begin PBXTargetDependency section */
		C9EFC09D1867C60E002A911C /* PBXTargetDependency */ = {
			isa = PBXTargetDependency;
			target = C9EFC0851867C60E002A911C /* UIColor+Categories */;
			targetProxy = C9EFC09C1867C60E002A911C /* PBXContainerItemProxy */;
		};
/* End PBXTargetDependency section */

/* Begin XCBuildConfiguration section */
		C9EFC0A71867C60E002A911C /* Debug */ = {
			isa = XCBuildConfiguration;
			buildSettings = {
				ARCHS = "$(ARCHS_STANDARD_INCLUDING_64_BIT)";
				CLANG_ENABLE_MODULES = YES;
				CLANG_ENABLE_OBJC_ARC = YES;
				CLANG_MODULES_AUTOLINK = YES;
				COPY_PHASE_STRIP = NO;
				GCC_C_LANGUAGE_STANDARD = gnu99;
				GCC_DYNAMIC_NO_PIC = NO;
				GCC_OPTIMIZATION_LEVEL = 0;
				GCC_PREPROCESSOR_DEFINITIONS = (
					"DEBUG=1",
					"$(inherited)",
				);
				GCC_SYMBOLS_PRIVATE_EXTERN = NO;
				IPHONEOS_DEPLOYMENT_TARGET = 7.0;
				ONLY_ACTIVE_ARCH = YES;
				OTHER_LDFLAGS = "-ObjC";
				SDKROOT = iphoneos;
				WARNING_CFLAGS = (
					"-Weverything",
					"-Wno-gnu",
				);
			};
			name = Debug;
		};
		C9EFC0A81867C60E002A911C /* Release */ = {
			isa = XCBuildConfiguration;
			buildSettings = {
				ARCHS = "$(ARCHS_STANDARD_INCLUDING_64_BIT)";
				CLANG_ENABLE_MODULES = YES;
				CLANG_ENABLE_OBJC_ARC = YES;
				CLANG_MODULES_AUTOLINK = YES;
				COPY_PHASE_STRIP = YES;
				ENABLE_NS_ASSERTIONS = NO;
				GCC_C_LANGUAGE_STANDARD = gnu99;
				IPHONEOS_DEPLOYMENT_TARGET = 7.0;
				OTHER_LDFLAGS = "-ObjC";
				SDKROOT = iphoneos;
				VALIDATE_PRODUCT = YES;
				WARNING_CFLAGS = (
					"-Weverything",
					"-Wno-gnu",
				);
			};
			name = Release;
		};
		C9EFC0AA1867C60E002A911C /* Debug */ = {
			isa = XCBuildConfiguration;
			buildSettings = {
				DSTROOT = /tmp/UIColor_Categories.dst;
				PRODUCT_NAME = "$(TARGET_NAME)";
				SKIP_INSTALL = YES;
			};
			name = Debug;
		};
		C9EFC0AB1867C60E002A911C /* Release */ = {
			isa = XCBuildConfiguration;
			buildSettings = {
				DSTROOT = /tmp/UIColor_Categories.dst;
				PRODUCT_NAME = "$(TARGET_NAME)";
				SKIP_INSTALL = YES;
			};
			name = Release;
		};
		C9EFC0AD1867C60E002A911C /* Debug */ = {
			isa = XCBuildConfiguration;
			buildSettings = {
				FRAMEWORK_SEARCH_PATHS = (
					"$(SDKROOT)/Developer/Library/Frameworks",
					"$(inherited)",
				);
				PRODUCT_NAME = "$(TARGET_NAME)";
				WRAPPER_EXTENSION = xctest;
			};
			name = Debug;
		};
		C9EFC0AE1867C60E002A911C /* Release */ = {
			isa = XCBuildConfiguration;
			buildSettings = {
				FRAMEWORK_SEARCH_PATHS = (
					"$(SDKROOT)/Developer/Library/Frameworks",
					"$(inherited)",
				);
				PRODUCT_NAME = "$(TARGET_NAME)";
				WRAPPER_EXTENSION = xctest;
			};
			name = Release;
		};
/* End XCBuildConfiguration section */

/* Begin XCConfigurationList section */
		C9EFC0811867C60E002A911C /* Build configuration list for PBXProject "UIColor+Categories" */ = {
			isa = XCConfigurationList;
			buildConfigurations = (
				C9EFC0A71867C60E002A911C /* Debug */,
				C9EFC0A81867C60E002A911C /* Release */,
			);
			defaultConfigurationIsVisible = 0;
			defaultConfigurationName = Release;
		};
		C9EFC0A91867C60E002A911C /* Build configuration list for PBXNativeTarget "UIColor+Categories" */ = {
			isa = XCConfigurationList;
			buildConfigurations = (
				C9EFC0AA1867C60E002A911C /* Debug */,
				C9EFC0AB1867C60E002A911C /* Release */,
			);
			defaultConfigurationIsVisible = 0;
			defaultConfigurationName = Release;
		};
		C9EFC0AC1867C60E002A911C /* Build configuration list for PBXNativeTarget "UIColor+CategoriesTests" */ = {
			isa = XCConfigurationList;
			buildConfigurations = (
				C9EFC0AD1867C60E002A911C /* Debug */,
				C9EFC0AE1867C60E002A911C /* Release */,
			);
			defaultConfigurationIsVisible = 0;
			defaultConfigurationName = Release;
		};
/* End XCConfigurationList section */
	};
	rootObject = C9EFC07E1867C60E002A911C /* Project object */;
}
